
Microsoft Visual Studio Solution File, Format Version 12.00
# Visual Studio Version 17
VisualStudioVersion = 17.0.31903.59
MinimumVisualStudioVersion = 10.0.40219.1
Project("{FAE04EC0-301F-11D3-BF4B-00C04F79EFBC}") = "ChatRoom", "ChatRoom\ChatRoom.csproj", "{DB13004A-FFFC-4D56-9B5C-C9E51709EC49}"
EndProject
Project("{FAE04EC0-301F-11D3-BF4B-00C04F79EFBC}") = "BeerTap-old", "BeerTap-old\BeerTap-old.csproj", "{90D7F394-12B5-B16A-92F1-4808A69DFE06}"
EndProject
Project("{FAE04EC0-301F-11D3-BF4B-00C04F79EFBC}") = "BeerTap", "BeerTap\BeerTap.csproj", "{03ED84AB-1340-401A-A164-A233591E8E22}"
EndProject
Global
	GlobalSection(SolutionConfigurationPlatforms) = preSolution
		Debug|Any CPU = Debug|Any CPU
		Release|Any CPU = Release|Any CPU
	EndGlobalSection
	GlobalSection(ProjectConfigurationPlatforms) = postSolution
		{DB13004A-FFFC-4D56-9B5C-C9E51709EC49}.Debug|Any CPU.ActiveCfg = Debug|Any CPU
		{DB13004A-FFFC-4D56-9B5C-C9E51709EC49}.Debug|Any CPU.Build.0 = Debug|Any CPU
		{DB13004A-FFFC-4D56-9B5C-C9E51709EC49}.Release|Any CPU.ActiveCfg = Release|Any CPU
		{DB13004A-FFFC-4D56-9B5C-C9E51709EC49}.Release|Any CPU.Build.0 = Release|Any CPU
		{90D7F394-12B5-B16A-92F1-4808A69DFE06}.Debug|Any CPU.ActiveCfg = Debug|Any CPU
		{90D7F394-12B5-B16A-92F1-4808A69DFE06}.Debug|Any CPU.Build.0 = Debug|Any CPU
		{90D7F394-12B5-B16A-92F1-4808A69DFE06}.Release|Any CPU.ActiveCfg = Release|Any CPU
		{90D7F394-12B5-B16A-92F1-4808A69DFE06}.Release|Any CPU.Build.0 = Release|Any CPU
		{03ED84AB-1340-401A-A164-A233591E8E22}.Debug|Any CPU.ActiveCfg = Debug|Any CPU
		{03ED84AB-1340-401A-A164-A233591E8E22}.Debug|Any CPU.Build.0 = Debug|Any CPU
		{03ED84AB-1340-401A-A164-A233591E8E22}.Release|Any CPU.ActiveCfg = Release|Any CPU
		{03ED84AB-1340-401A-A164-A233591E8E22}.Release|Any CPU.Build.0 = Release|Any CPU
	EndGlobalSection
	GlobalSection(SolutionProperties) = preSolution
		HideSolutionNode = FALSE
	EndGlobalSection
	GlobalSection(ExtensibilityGlobals) = postSolution
		SolutionGuid = {68C023CA-59A3-48BC-9FFD-7F7FF20B6B8F}
	EndGlobalSection
EndGlobal
