
Microsoft Visual Studio Solution File, Format Version 12.00
# Visual Studio Version 17
VisualStudioVersion = 17.0.31903.59
MinimumVisualStudioVersion = 10.0.40219.1
Project("{FAE04EC0-301F-11D3-BF4B-00C04F79EFBC}") = "ChatRoom", "ChatRoom\ChatRoom.csproj", "{DB13004A-FFFC-4D56-9B5C-C9E51709EC49}"
EndProject
Project("{FAE04EC0-301F-11D3-BF4B-00C04F79EFBC}") = "BeerTap", "BeerTap\BeerTap.csproj", "{E679DCB0-CF3C-432E-B2CA-03135299F6FB}"
EndProject
Project("{FAE04EC0-301F-11D3-BF4B-00C04F79EFBC}") = "ORM-testing", "ORM-testing\ORM-testing.csproj", "{B133C313-AE35-4D04-92DB-C293AB9CAC2F}"
EndProject
Global
	GlobalSection(SolutionConfigurationPlatforms) = preSolution
		Debug|Any CPU = Debug|Any CPU
		Release|Any CPU = Release|Any CPU
	EndGlobalSection
	GlobalSection(ProjectConfigurationPlatforms) = postSolution
		{DB13004A-FFFC-4D56-9B5C-C9E51709EC49}.Debug|Any CPU.ActiveCfg = Debug|Any CPU
		{DB13004A-FFFC-4D56-9B5C-C9E51709EC49}.Debug|Any CPU.Build.0 = Debug|Any CPU
		{DB13004A-FFFC-4D56-9B5C-C9E51709EC49}.Release|Any CPU.ActiveCfg = Release|Any CPU
		{DB13004A-FFFC-4D56-9B5C-C9E51709EC49}.Release|Any CPU.Build.0 = Release|Any CPU
		{E679DCB0-CF3C-432E-B2CA-03135299F6FB}.Debug|Any CPU.ActiveCfg = Debug|Any CPU
		{E679DCB0-CF3C-432E-B2CA-03135299F6FB}.Debug|Any CPU.Build.0 = Debug|Any CPU
		{E679DCB0-CF3C-432E-B2CA-03135299F6FB}.Release|Any CPU.ActiveCfg = Release|Any CPU
		{E679DCB0-CF3C-432E-B2CA-03135299F6FB}.Release|Any CPU.Build.0 = Release|Any CPU
		{B133C313-AE35-4D04-92DB-C293AB9CAC2F}.Debug|Any CPU.ActiveCfg = Debug|Any CPU
		{B133C313-AE35-4D04-92DB-C293AB9CAC2F}.Debug|Any CPU.Build.0 = Debug|Any CPU
		{B133C313-AE35-4D04-92DB-C293AB9CAC2F}.Release|Any CPU.ActiveCfg = Release|Any CPU
		{B133C313-AE35-4D04-92DB-C293AB9CAC2F}.Release|Any CPU.Build.0 = Release|Any CPU
	EndGlobalSection
	GlobalSection(SolutionProperties) = preSolution
		HideSolutionNode = FALSE
	EndGlobalSection
	GlobalSection(ExtensibilityGlobals) = postSolution
		SolutionGuid = {68C023CA-59A3-48BC-9FFD-7F7FF20B6B8F}
	EndGlobalSection
EndGlobal
